// !$*UTF8*$!
{
	archiveVersion = 1;
	classes = {
	};
	objectVersion = 46;
	objects = {

/* Begin PBXBuildFile section */
		7F48B8631E76A31900072E65 /* coordinates.json in Resources */ = {isa = PBXBuildFile; fileRef = 7F48B8621E76A31900072E65 /* coordinates.json */; };
		7F4907981E75B2CC005FDEFA /* AppDelegate.swift in Sources */ = {isa = PBXBuildFile; fileRef = 7F4907971E75B2CC005FDEFA /* AppDelegate.swift */; };
		7F49079F1E75B2CC005FDEFA /* Assets.xcassets in Resources */ = {isa = PBXBuildFile; fileRef = 7F49079E1E75B2CC005FDEFA /* Assets.xcassets */; };
		7F4907A21E75B2CC005FDEFA /* LaunchScreen.storyboard in Resources */ = {isa = PBXBuildFile; fileRef = 7F4907A01E75B2CC005FDEFA /* LaunchScreen.storyboard */; };
		7F4907B41E75B32A005FDEFA /* ArrayHelper.swift in Sources */ = {isa = PBXBuildFile; fileRef = 7F4907A91E75B32A005FDEFA /* ArrayHelper.swift */; };
		7F4907B51E75B32A005FDEFA /* CellForSearch.swift in Sources */ = {isa = PBXBuildFile; fileRef = 7F4907AA1E75B32A005FDEFA /* CellForSearch.swift */; };
		7F4907B61E75B32A005FDEFA /* CollectionViewController.swift in Sources */ = {isa = PBXBuildFile; fileRef = 7F4907AB1E75B32A005FDEFA /* CollectionViewController.swift */; };
		7F4907B71E75B32A005FDEFA /* MapViewController.swift in Sources */ = {isa = PBXBuildFile; fileRef = 7F4907AC1E75B32A005FDEFA /* MapViewController.swift */; };
		7F4907B81E75B32A005FDEFA /* NavController.swift in Sources */ = {isa = PBXBuildFile; fileRef = 7F4907AD1E75B32A005FDEFA /* NavController.swift */; };
		7F4907B91E75B32A005FDEFA /* TabBarController.swift in Sources */ = {isa = PBXBuildFile; fileRef = 7F4907AE1E75B32A005FDEFA /* TabBarController.swift */; };
		7F4907BA1E75B32A005FDEFA /* DataModel.swift in Sources */ = {isa = PBXBuildFile; fileRef = 7F4907AF1E75B32A005FDEFA /* DataModel.swift */; };
		7F4907BD1E75B32A005FDEFA /* Spot.swift in Sources */ = {isa = PBXBuildFile; fileRef = 7F4907B21E75B32A005FDEFA /* Spot.swift */; };
		7F4907BE1E75B32A005FDEFA /* CellForCollectionView.swift in Sources */ = {isa = PBXBuildFile; fileRef = 7F4907B31E75B32A005FDEFA /* CellForCollectionView.swift */; };
		7F4BABB01E7C557600379171 /* DetailController.swift in Sources */ = {isa = PBXBuildFile; fileRef = 7F4BABAF1E7C557600379171 /* DetailController.swift */; };
		7FFE4D371E7C6C5600B2C852 /* ViewForDetail.swift in Sources */ = {isa = PBXBuildFile; fileRef = 7FFE4D361E7C6C5600B2C852 /* ViewForDetail.swift */; };
		7FFE4D391E7D037D00B2C852 /* PollutionView.swift in Sources */ = {isa = PBXBuildFile; fileRef = 7FFE4D381E7D037D00B2C852 /* PollutionView.swift */; };
		7FFE4D3B1E7D78EA00B2C852 /* LoadingView.swift in Sources */ = {isa = PBXBuildFile; fileRef = 7FFE4D3A1E7D78EA00B2C852 /* LoadingView.swift */; };
		EAF48BBDDAA5A92464A1F5DE /* Pods_AirQuialityIndex.framework in Frameworks */ = {isa = PBXBuildFile; fileRef = 3B6107A4B221B8153D08BDF7 /* Pods_AirQuialityIndex.framework */; };
/* End PBXBuildFile section */

/* Begin PBXFileReference section */
		056099A09654CCD33E3B2BE7 /* Pods-AirQuialityIndex.release.xcconfig */ = {isa = PBXFileReference; includeInIndex = 1; lastKnownFileType = text.xcconfig; name = "Pods-AirQuialityIndex.release.xcconfig"; path = "Pods/Target Support Files/Pods-AirQuialityIndex/Pods-AirQuialityIndex.release.xcconfig"; sourceTree = "<group>"; };
		3B6107A4B221B8153D08BDF7 /* Pods_AirQuialityIndex.framework */ = {isa = PBXFileReference; explicitFileType = wrapper.framework; includeInIndex = 0; path = Pods_AirQuialityIndex.framework; sourceTree = BUILT_PRODUCTS_DIR; };
		7F48B8621E76A31900072E65 /* coordinates.json */ = {isa = PBXFileReference; fileEncoding = 4; lastKnownFileType = text.json; name = coordinates.json; path = AirQuialityIndex/coordinates.json; sourceTree = SOURCE_ROOT; };
		7F4907941E75B2CC005FDEFA /* AirQuialityIndex.app */ = {isa = PBXFileReference; explicitFileType = wrapper.application; includeInIndex = 0; path = AirQuialityIndex.app; sourceTree = BUILT_PRODUCTS_DIR; };
		7F4907971E75B2CC005FDEFA /* AppDelegate.swift */ = {isa = PBXFileReference; lastKnownFileType = sourcecode.swift; path = AppDelegate.swift; sourceTree = "<group>"; };
		7F49079E1E75B2CC005FDEFA /* Assets.xcassets */ = {isa = PBXFileReference; lastKnownFileType = folder.assetcatalog; path = Assets.xcassets; sourceTree = "<group>"; };
		7F4907A11E75B2CC005FDEFA /* Base */ = {isa = PBXFileReference; lastKnownFileType = file.storyboard; name = Base; path = Base.lproj/LaunchScreen.storyboard; sourceTree = "<group>"; };
		7F4907A31E75B2CC005FDEFA /* Info.plist */ = {isa = PBXFileReference; lastKnownFileType = text.plist.xml; path = Info.plist; sourceTree = "<group>"; };
		7F4907A91E75B32A005FDEFA /* ArrayHelper.swift */ = {isa = PBXFileReference; fileEncoding = 4; lastKnownFileType = sourcecode.swift; path = ArrayHelper.swift; sourceTree = "<group>"; };
		7F4907AA1E75B32A005FDEFA /* CellForSearch.swift */ = {isa = PBXFileReference; fileEncoding = 4; lastKnownFileType = sourcecode.swift; path = CellForSearch.swift; sourceTree = "<group>"; };
		7F4907AB1E75B32A005FDEFA /* CollectionViewController.swift */ = {isa = PBXFileReference; fileEncoding = 4; lastKnownFileType = sourcecode.swift; path = CollectionViewController.swift; sourceTree = "<group>"; };
		7F4907AC1E75B32A005FDEFA /* MapViewController.swift */ = {isa = PBXFileReference; fileEncoding = 4; lastKnownFileType = sourcecode.swift; path = MapViewController.swift; sourceTree = "<group>"; };
		7F4907AD1E75B32A005FDEFA /* NavController.swift */ = {isa = PBXFileReference; fileEncoding = 4; lastKnownFileType = sourcecode.swift; path = NavController.swift; sourceTree = "<group>"; };
		7F4907AE1E75B32A005FDEFA /* TabBarController.swift */ = {isa = PBXFileReference; fileEncoding = 4; lastKnownFileType = sourcecode.swift; path = TabBarController.swift; sourceTree = "<group>"; };
		7F4907AF1E75B32A005FDEFA /* DataModel.swift */ = {isa = PBXFileReference; fileEncoding = 4; lastKnownFileType = sourcecode.swift; path = DataModel.swift; sourceTree = "<group>"; };
		7F4907B21E75B32A005FDEFA /* Spot.swift */ = {isa = PBXFileReference; fileEncoding = 4; lastKnownFileType = sourcecode.swift; path = Spot.swift; sourceTree = "<group>"; };
		7F4907B31E75B32A005FDEFA /* CellForCollectionView.swift */ = {isa = PBXFileReference; fileEncoding = 4; lastKnownFileType = sourcecode.swift; path = CellForCollectionView.swift; sourceTree = "<group>"; };
		7F4BABAF1E7C557600379171 /* DetailController.swift */ = {isa = PBXFileReference; fileEncoding = 4; lastKnownFileType = sourcecode.swift; path = DetailController.swift; sourceTree = "<group>"; };
		7FFE4D361E7C6C5600B2C852 /* ViewForDetail.swift */ = {isa = PBXFileReference; fileEncoding = 4; lastKnownFileType = sourcecode.swift; path = ViewForDetail.swift; sourceTree = "<group>"; };
		7FFE4D381E7D037D00B2C852 /* PollutionView.swift */ = {isa = PBXFileReference; fileEncoding = 4; lastKnownFileType = sourcecode.swift; path = PollutionView.swift; sourceTree = "<group>"; };
		7FFE4D3A1E7D78EA00B2C852 /* LoadingView.swift */ = {isa = PBXFileReference; fileEncoding = 4; lastKnownFileType = sourcecode.swift; path = LoadingView.swift; sourceTree = "<group>"; };
		B9E4806FC75C707C25256B54 /* Pods-AirQuialityIndex.debug.xcconfig */ = {isa = PBXFileReference; includeInIndex = 1; lastKnownFileType = text.xcconfig; name = "Pods-AirQuialityIndex.debug.xcconfig"; path = "Pods/Target Support Files/Pods-AirQuialityIndex/Pods-AirQuialityIndex.debug.xcconfig"; sourceTree = "<group>"; };
/* End PBXFileReference section */

/* Begin PBXFrameworksBuildPhase section */
		7F4907911E75B2CC005FDEFA /* Frameworks */ = {
			isa = PBXFrameworksBuildPhase;
			buildActionMask = 2147483647;
			files = (
				EAF48BBDDAA5A92464A1F5DE /* Pods_AirQuialityIndex.framework in Frameworks */,
			);
			runOnlyForDeploymentPostprocessing = 0;
		};
/* End PBXFrameworksBuildPhase section */

/* Begin PBXGroup section */
		7F49078B1E75B2CC005FDEFA = {
			isa = PBXGroup;
			children = (
				7F4907961E75B2CC005FDEFA /* AirQuialityIndex */,
				7F4907951E75B2CC005FDEFA /* Products */,
				F0DE13E9E19FE55CAA232F10 /* Pods */,
				E60B6916F70BF8965326F4E2 /* Frameworks */,
			);
			sourceTree = "<group>";
		};
		7F4907951E75B2CC005FDEFA /* Products */ = {
			isa = PBXGroup;
			children = (
				7F4907941E75B2CC005FDEFA /* AirQuialityIndex.app */,
			);
			name = Products;
			sourceTree = "<group>";
		};
		7F4907961E75B2CC005FDEFA /* AirQuialityIndex */ = {
			isa = PBXGroup;
			children = (
				7F4907BF1E75B515005FDEFA /* Model */,
				7F4907C01E75B525005FDEFA /* View */,
				7F4907C11E75B536005FDEFA /* Controller */,
				7F4907C21E75B547005FDEFA /* Supporting Files */,
			);
			path = AirQuialityIndex;
			sourceTree = "<group>";
		};
		7F4907BF1E75B515005FDEFA /* Model */ = {
			isa = PBXGroup;
			children = (
				7F4907A91E75B32A005FDEFA /* ArrayHelper.swift */,
				7F4907AF1E75B32A005FDEFA /* DataModel.swift */,
			);
			name = Model;
			sourceTree = "<group>";
		};
		7F4907C01E75B525005FDEFA /* View */ = {
			isa = PBXGroup;
			children = (
				7F4907AA1E75B32A005FDEFA /* CellForSearch.swift */,
				7F4907B21E75B32A005FDEFA /* Spot.swift */,
				7F4907B31E75B32A005FDEFA /* CellForCollectionView.swift */,
				7FFE4D361E7C6C5600B2C852 /* ViewForDetail.swift */,
				7FFE4D381E7D037D00B2C852 /* PollutionView.swift */,
				7FFE4D3A1E7D78EA00B2C852 /* LoadingView.swift */,
			);
			name = View;
			sourceTree = "<group>";
		};
		7F4907C11E75B536005FDEFA /* Controller */ = {
			isa = PBXGroup;
			children = (
				7F4BABAF1E7C557600379171 /* DetailController.swift */,
				7F4907AB1E75B32A005FDEFA /* CollectionViewController.swift */,
				7F4907AC1E75B32A005FDEFA /* MapViewController.swift */,
				7F4907AD1E75B32A005FDEFA /* NavController.swift */,
				7F4907AE1E75B32A005FDEFA /* TabBarController.swift */,
			);
			name = Controller;
			sourceTree = "<group>";
		};
		7F4907C21E75B547005FDEFA /* Supporting Files */ = {
			isa = PBXGroup;
			children = (
				7F48B8621E76A31900072E65 /* coordinates.json */,
				7F4907971E75B2CC005FDEFA /* AppDelegate.swift */,
				7F49079E1E75B2CC005FDEFA /* Assets.xcassets */,
				7F4907A01E75B2CC005FDEFA /* LaunchScreen.storyboard */,
				7F4907A31E75B2CC005FDEFA /* Info.plist */,
			);
			name = "Supporting Files";
			sourceTree = "<group>";
		};
		E60B6916F70BF8965326F4E2 /* Frameworks */ = {
			isa = PBXGroup;
			children = (
				3B6107A4B221B8153D08BDF7 /* Pods_AirQuialityIndex.framework */,
			);
			name = Frameworks;
			sourceTree = "<group>";
		};
		F0DE13E9E19FE55CAA232F10 /* Pods */ = {
			isa = PBXGroup;
			children = (
				B9E4806FC75C707C25256B54 /* Pods-AirQuialityIndex.debug.xcconfig */,
				056099A09654CCD33E3B2BE7 /* Pods-AirQuialityIndex.release.xcconfig */,
			);
			name = Pods;
			sourceTree = "<group>";
		};
/* End PBXGroup section */

/* Begin PBXNativeTarget section */
		7F4907931E75B2CC005FDEFA /* AirQuialityIndex */ = {
			isa = PBXNativeTarget;
			buildConfigurationList = 7F4907A61E75B2CC005FDEFA /* Build configuration list for PBXNativeTarget "AirQuialityIndex" */;
			buildPhases = (
				923EB9BE5E8613B8562BE579 /* [CP] Check Pods Manifest.lock */,
				7F4907901E75B2CC005FDEFA /* Sources */,
				7F4907911E75B2CC005FDEFA /* Frameworks */,
				7F4907921E75B2CC005FDEFA /* Resources */,
				76678A83C27A3B112ED4F182 /* [CP] Embed Pods Frameworks */,
				DF31726F4F2E367045E6E75C /* [CP] Copy Pods Resources */,
			);
			buildRules = (
			);
			dependencies = (
			);
			name = AirQuialityIndex;
			productName = AirQuialityIndex;
			productReference = 7F4907941E75B2CC005FDEFA /* AirQuialityIndex.app */;
			productType = "com.apple.product-type.application";
		};
/* End PBXNativeTarget section */

/* Begin PBXProject section */
		7F49078C1E75B2CC005FDEFA /* Project object */ = {
			isa = PBXProject;
			attributes = {
				LastSwiftUpdateCheck = 0820;
				LastUpgradeCheck = 0820;
				ORGANIZATIONNAME = meowdev.tw;
				TargetAttributes = {
					7F4907931E75B2CC005FDEFA = {
						CreatedOnToolsVersion = 8.2.1;
						DevelopmentTeam = CARZAJ37XA;
						ProvisioningStyle = Automatic;
					};
				};
			};
			buildConfigurationList = 7F49078F1E75B2CC005FDEFA /* Build configuration list for PBXProject "AirQuialityIndex" */;
			compatibilityVersion = "Xcode 3.2";
			developmentRegion = English;
			hasScannedForEncodings = 0;
			knownRegions = (
				en,
				Base,
			);
			mainGroup = 7F49078B1E75B2CC005FDEFA;
			productRefGroup = 7F4907951E75B2CC005FDEFA /* Products */;
			projectDirPath = "";
			projectRoot = "";
			targets = (
				7F4907931E75B2CC005FDEFA /* AirQuialityIndex */,
			);
		};
/* End PBXProject section */

/* Begin PBXResourcesBuildPhase section */
		7F4907921E75B2CC005FDEFA /* Resources */ = {
			isa = PBXResourcesBuildPhase;
			buildActionMask = 2147483647;
			files = (
				7F4907A21E75B2CC005FDEFA /* LaunchScreen.storyboard in Resources */,
				7F48B8631E76A31900072E65 /* coordinates.json in Resources */,
				7F49079F1E75B2CC005FDEFA /* Assets.xcassets in Resources */,
			);
			runOnlyForDeploymentPostprocessing = 0;
		};
/* End PBXResourcesBuildPhase section */

/* Begin PBXShellScriptBuildPhase section */
		76678A83C27A3B112ED4F182 /* [CP] Embed Pods Frameworks */ = {
			isa = PBXShellScriptBuildPhase;
			buildActionMask = 2147483647;
			files = (
			);
			inputPaths = (
			);
			name = "[CP] Embed Pods Frameworks";
			outputPaths = (
			);
			runOnlyForDeploymentPostprocessing = 0;
			shellPath = /bin/sh;
			shellScript = "\"${SRCROOT}/Pods/Target Support Files/Pods-AirQuialityIndex/Pods-AirQuialityIndex-frameworks.sh\"\n";
			showEnvVarsInLog = 0;
		};
		923EB9BE5E8613B8562BE579 /* [CP] Check Pods Manifest.lock */ = {
			isa = PBXShellScriptBuildPhase;
			buildActionMask = 2147483647;
			files = (
			);
			inputPaths = (
			);
			name = "[CP] Check Pods Manifest.lock";
			outputPaths = (
			);
			runOnlyForDeploymentPostprocessing = 0;
			shellPath = /bin/sh;
			shellScript = "diff \"${PODS_ROOT}/../Podfile.lock\" \"${PODS_ROOT}/Manifest.lock\" > /dev/null\nif [ $? != 0 ] ; then\n    # print error to STDERR\n    echo \"error: The sandbox is not in sync with the Podfile.lock. Run 'pod install' or update your CocoaPods installation.\" >&2\n    exit 1\nfi\n";
			showEnvVarsInLog = 0;
		};
		DF31726F4F2E367045E6E75C /* [CP] Copy Pods Resources */ = {
			isa = PBXShellScriptBuildPhase;
			buildActionMask = 2147483647;
			files = (
			);
			inputPaths = (
			);
			name = "[CP] Copy Pods Resources";
			outputPaths = (
			);
			runOnlyForDeploymentPostprocessing = 0;
			shellPath = /bin/sh;
			shellScript = "\"${SRCROOT}/Pods/Target Support Files/Pods-AirQuialityIndex/Pods-AirQuialityIndex-resources.sh\"\n";
			showEnvVarsInLog = 0;
		};
/* End PBXShellScriptBuildPhase section */

/* Begin PBXSourcesBuildPhase section */
		7F4907901E75B2CC005FDEFA /* Sources */ = {
			isa = PBXSourcesBuildPhase;
			buildActionMask = 2147483647;
			files = (
				7FFE4D371E7C6C5600B2C852 /* ViewForDetail.swift in Sources */,
				7F4907981E75B2CC005FDEFA /* AppDelegate.swift in Sources */,
				7F4BABB01E7C557600379171 /* DetailController.swift in Sources */,
				7F4907B91E75B32A005FDEFA /* TabBarController.swift in Sources */,
				7F4907B71E75B32A005FDEFA /* MapViewController.swift in Sources */,
				7FFE4D3B1E7D78EA00B2C852 /* LoadingView.swift in Sources */,
				7F4907B61E75B32A005FDEFA /* CollectionViewController.swift in Sources */,
				7F4907BD1E75B32A005FDEFA /* Spot.swift in Sources */,
				7F4907B81E75B32A005FDEFA /* NavController.swift in Sources */,
				7F4907B41E75B32A005FDEFA /* ArrayHelper.swift in Sources */,
				7FFE4D391E7D037D00B2C852 /* PollutionView.swift in Sources */,
				7F4907B51E75B32A005FDEFA /* CellForSearch.swift in Sources */,
				7F4907BE1E75B32A005FDEFA /* CellForCollectionView.swift in Sources */,
				7F4907BA1E75B32A005FDEFA /* DataModel.swift in Sources */,
			);
			runOnlyForDeploymentPostprocessing = 0;
		};
/* End PBXSourcesBuildPhase section */

/* Begin PBXVariantGroup section */
		7F4907A01E75B2CC005FDEFA /* LaunchScreen.storyboard */ = {
			isa = PBXVariantGroup;
			children = (
				7F4907A11E75B2CC005FDEFA /* Base */,
			);
			name = LaunchScreen.storyboard;
			sourceTree = "<group>";
		};
/* End PBXVariantGroup section */

/* Begin XCBuildConfiguration section */
		7F4907A41E75B2CC005FDEFA /* Debug */ = {
			isa = XCBuildConfiguration;
			buildSettings = {
				ALWAYS_SEARCH_USER_PATHS = NO;
				CLANG_ANALYZER_NONNULL = YES;
				CLANG_CXX_LANGUAGE_STANDARD = "gnu++0x";
				CLANG_CXX_LIBRARY = "libc++";
				CLANG_ENABLE_MODULES = YES;
				CLANG_ENABLE_OBJC_ARC = YES;
				CLANG_WARN_BOOL_CONVERSION = YES;
				CLANG_WARN_CONSTANT_CONVERSION = YES;
				CLANG_WARN_DIRECT_OBJC_ISA_USAGE = YES_ERROR;
				CLANG_WARN_DOCUMENTATION_COMMENTS = YES;
				CLANG_WARN_EMPTY_BODY = YES;
				CLANG_WARN_ENUM_CONVERSION = YES;
				CLANG_WARN_INFINITE_RECURSION = YES;
				CLANG_WARN_INT_CONVERSION = YES;
				CLANG_WARN_OBJC_ROOT_CLASS = YES_ERROR;
				CLANG_WARN_SUSPICIOUS_MOVE = YES;
				CLANG_WARN_UNREACHABLE_CODE = YES;
				CLANG_WARN__DUPLICATE_METHOD_MATCH = YES;
				"CODE_SIGN_IDENTITY[sdk=iphoneos*]" = "iPhone Developer";
				COPY_PHASE_STRIP = NO;
				DEBUG_INFORMATION_FORMAT = dwarf;
				ENABLE_STRICT_OBJC_MSGSEND = YES;
				ENABLE_TESTABILITY = YES;
				GCC_C_LANGUAGE_STANDARD = gnu99;
				GCC_DYNAMIC_NO_PIC = NO;
				GCC_NO_COMMON_BLOCKS = YES;
				GCC_OPTIMIZATION_LEVEL = 0;
				GCC_PREPROCESSOR_DEFINITIONS = (
					"DEBUG=1",
					"$(inherited)",
				);
				GCC_WARN_64_TO_32_BIT_CONVERSION = YES;
				GCC_WARN_ABOUT_RETURN_TYPE = YES_ERROR;
				GCC_WARN_UNDECLARED_SELECTOR = YES;
				GCC_WARN_UNINITIALIZED_AUTOS = YES_AGGRESSIVE;
				GCC_WARN_UNUSED_FUNCTION = YES;
				GCC_WARN_UNUSED_VARIABLE = YES;
				IPHONEOS_DEPLOYMENT_TARGET = 10.2;
				MTL_ENABLE_DEBUG_INFO = YES;
				ONLY_ACTIVE_ARCH = YES;
				SDKROOT = iphoneos;
				SWIFT_ACTIVE_COMPILATION_CONDITIONS = DEBUG;
				SWIFT_OPTIMIZATION_LEVEL = "-Onone";
			};
			name = Debug;
		};
		7F4907A51E75B2CC005FDEFA /* Release */ = {
			isa = XCBuildConfiguration;
			buildSettings = {
				ALWAYS_SEARCH_USER_PATHS = NO;
				CLANG_ANALYZER_NONNULL = YES;
				CLANG_CXX_LANGUAGE_STANDARD = "gnu++0x";
				CLANG_CXX_LIBRARY = "libc++";
				CLANG_ENABLE_MODULES = YES;
				CLANG_ENABLE_OBJC_ARC = YES;
				CLANG_WARN_BOOL_CONVERSION = YES;
				CLANG_WARN_CONSTANT_CONVERSION = YES;
				CLANG_WARN_DIRECT_OBJC_ISA_USAGE = YES_ERROR;
				CLANG_WARN_DOCUMENTATION_COMMENTS = YES;
				CLANG_WARN_EMPTY_BODY = YES;
				CLANG_WARN_ENUM_CONVERSION = YES;
				CLANG_WARN_INFINITE_RECURSION = YES;
				CLANG_WARN_INT_CONVERSION = YES;
				CLANG_WARN_OBJC_ROOT_CLASS = YES_ERROR;
				CLANG_WARN_SUSPICIOUS_MOVE = YES;
				CLANG_WARN_UNREACHABLE_CODE = YES;
				CLANG_WARN__DUPLICATE_METHOD_MATCH = YES;
				"CODE_SIGN_IDENTITY[sdk=iphoneos*]" = "iPhone Developer";
				COPY_PHASE_STRIP = NO;
				DEBUG_INFORMATION_FORMAT = "dwarf-with-dsym";
				ENABLE_NS_ASSERTIONS = NO;
				ENABLE_STRICT_OBJC_MSGSEND = YES;
				GCC_C_LANGUAGE_STANDARD = gnu99;
				GCC_NO_COMMON_BLOCKS = YES;
				GCC_WARN_64_TO_32_BIT_CONVERSION = YES;
				GCC_WARN_ABOUT_RETURN_TYPE = YES_ERROR;
				GCC_WARN_UNDECLARED_SELECTOR = YES;
				GCC_WARN_UNINITIALIZED_AUTOS = YES_AGGRESSIVE;
				GCC_WARN_UNUSED_FUNCTION = YES;
				GCC_WARN_UNUSED_VARIABLE = YES;
				IPHONEOS_DEPLOYMENT_TARGET = 10.2;
				MTL_ENABLE_DEBUG_INFO = NO;
				SDKROOT = iphoneos;
				SWIFT_OPTIMIZATION_LEVEL = "-Owholemodule";
				VALIDATE_PRODUCT = YES;
			};
			name = Release;
		};
		7F4907A71E75B2CC005FDEFA /* Debug */ = {
			isa = XCBuildConfiguration;
			baseConfigurationReference = B9E4806FC75C707C25256B54 /* Pods-AirQuialityIndex.debug.xcconfig */;
			buildSettings = {
				ASSETCATALOG_COMPILER_APPICON_NAME = AppIcon;
				DEVELOPMENT_TEAM = CARZAJ37XA;
				INFOPLIST_FILE = AirQuialityIndex/Info.plist;
				LD_RUNPATH_SEARCH_PATHS = "$(inherited) @executable_path/Frameworks";
				PRODUCT_BUNDLE_IDENTIFIER = meowdev.tw.AirQuialityIndex;
				PRODUCT_NAME = "$(TARGET_NAME)";
				SWIFT_VERSION = 3.0;
			};
			name = Debug;
		};
		7F4907A81E75B2CC005FDEFA /* Release */ = {
			isa = XCBuildConfiguration;
			baseConfigurationReference = 056099A09654CCD33E3B2BE7 /* Pods-AirQuialityIndex.release.xcconfig */;
			buildSettings = {
				ASSETCATALOG_COMPILER_APPICON_NAME = AppIcon;
				DEVELOPMENT_TEAM = CARZAJ37XA;
				INFOPLIST_FILE = AirQuialityIndex/Info.plist;
				LD_RUNPATH_SEARCH_PATHS = "$(inherited) @executable_path/Frameworks";
				PRODUCT_BUNDLE_IDENTIFIER = meowdev.tw.AirQuialityIndex;
				PRODUCT_NAME = "$(TARGET_NAME)";
				SWIFT_VERSION = 3.0;
			};
			name = Release;
		};
/* End XCBuildConfiguration section */

/* Begin XCConfigurationList section */
		7F49078F1E75B2CC005FDEFA /* Build configuration list for PBXProject "AirQuialityIndex" */ = {
			isa = XCConfigurationList;
			buildConfigurations = (
				7F4907A41E75B2CC005FDEFA /* Debug */,
				7F4907A51E75B2CC005FDEFA /* Release */,
			);
			defaultConfigurationIsVisible = 0;
			defaultConfigurationName = Release;
		};
		7F4907A61E75B2CC005FDEFA /* Build configuration list for PBXNativeTarget "AirQuialityIndex" */ = {
			isa = XCConfigurationList;
			buildConfigurations = (
				7F4907A71E75B2CC005FDEFA /* Debug */,
				7F4907A81E75B2CC005FDEFA /* Release */,
			);
			defaultConfigurationIsVisible = 0;
			defaultConfigurationName = Release;
		};
/* End XCConfigurationList section */
	};
	rootObject = 7F49078C1E75B2CC005FDEFA /* Project object */;
}
